// !$*UTF8*$!
{
	archiveVersion = 1;
	classes = {
	};
	objectVersion = 77;
	objects = {

/* Begin PBXContainerItemProxy section */
		B8CC32CD2D1451F0005558CC /* PBXContainerItemProxy */ = {
			isa = PBXContainerItemProxy;
			containerPortal = B8CC32AE2D1451EE005558CC /* Project object */;
			proxyType = 1;
			remoteGlobalIDString = B8CC32B52D1451EE005558CC;
			remoteInfo = SwiftSharedPointerTest;
		};
		B8CC32D72D1451F0005558CC /* PBXContainerItemProxy */ = {
			isa = PBXContainerItemProxy;
			containerPortal = B8CC32AE2D1451EE005558CC /* Project object */;
			proxyType = 1;
			remoteGlobalIDString = B8CC32B52D1451EE005558CC;
			remoteInfo = SwiftSharedPointerTest;
		};
/* End PBXContainerItemProxy section */

/* Begin PBXFileReference section */
		B8CC32B62D1451EE005558CC /* SwiftSharedPointerTest.app */ = {isa = PBXFileReference; explicitFileType = wrapper.application; includeInIndex = 0; path = SwiftSharedPointerTest.app; sourceTree = BUILT_PRODUCTS_DIR; };
		B8CC32CC2D1451F0005558CC /* SwiftSharedPointerTestTests.xctest */ = {isa = PBXFileReference; explicitFileType = wrapper.cfbundle; includeInIndex = 0; path = SwiftSharedPointerTestTests.xctest; sourceTree = BUILT_PRODUCTS_DIR; };
		B8CC32D62D1451F0005558CC /* SwiftSharedPointerTestUITests.xctest */ = {isa = PBXFileReference; explicitFileType = wrapper.cfbundle; includeInIndex = 0; path = SwiftSharedPointerTestUITests.xctest; sourceTree = BUILT_PRODUCTS_DIR; };
/* End PBXFileReference section */

/* Begin PBXFileSystemSynchronizedBuildFileExceptionSet section */
		B8CC32DE2D1451F0005558CC /* Exceptions for "SwiftSharedPointerTest" folder in "SwiftSharedPointerTest" target */ = {
			isa = PBXFileSystemSynchronizedBuildFileExceptionSet;
			membershipExceptions = (
				Info.plist,
			);
			target = B8CC32B52D1451EE005558CC /* SwiftSharedPointerTest */;
		};
/* End PBXFileSystemSynchronizedBuildFileExceptionSet section */

/* Begin PBXFileSystemSynchronizedRootGroup section */
		B8CC32B82D1451EE005558CC /* SwiftSharedPointerTest */ = {
			isa = PBXFileSystemSynchronizedRootGroup;
			exceptions = (
				B8CC32DE2D1451F0005558CC /* Exceptions for "SwiftSharedPointerTest" folder in "SwiftSharedPointerTest" target */,
			);
			path = SwiftSharedPointerTest;
			sourceTree = "<group>";
		};
/* End PBXFileSystemSynchronizedRootGroup section */

/* Begin PBXFrameworksBuildPhase section */
		B8CC32B32D1451EE005558CC /* Frameworks */ = {
			isa = PBXFrameworksBuildPhase;
			buildActionMask = 2147483647;
			files = (
			);
			runOnlyForDeploymentPostprocessing = 0;
		};
		B8CC32C92D1451F0005558CC /* Frameworks */ = {
			isa = PBXFrameworksBuildPhase;
			buildActionMask = 2147483647;
			files = (
			);
			runOnlyForDeploymentPostprocessing = 0;
		};
		B8CC32D32D1451F0005558CC /* Frameworks */ = {
			isa = PBXFrameworksBuildPhase;
			buildActionMask = 2147483647;
			files = (
			);
			runOnlyForDeploymentPostprocessing = 0;
		};
/* End PBXFrameworksBuildPhase section */

/* Begin PBXGroup section */
		B8CC32AD2D1451EE005558CC = {
			isa = PBXGroup;
			children = (
				B8CC32B82D1451EE005558CC /* SwiftSharedPointerTest */,
				B8CC32B72D1451EE005558CC /* Products */,
			);
			sourceTree = "<group>";
		};
		B8CC32B72D1451EE005558CC /* Products */ = {
			isa = PBXGroup;
			children = (
				B8CC32B62D1451EE005558CC /* SwiftSharedPointerTest.app */,
				B8CC32CC2D1451F0005558CC /* SwiftSharedPointerTestTests.xctest */,
				B8CC32D62D1451F0005558CC /* SwiftSharedPointerTestUITests.xctest */,
			);
			name = Products;
			sourceTree = "<group>";
		};
/* End PBXGroup section */

/* Begin PBXNativeTarget section */
		B8CC32B52D1451EE005558CC /* SwiftSharedPointerTest */ = {
			isa = PBXNativeTarget;
			buildConfigurationList = B8CC32DF2D1451F0005558CC /* Build configuration list for PBXNativeTarget "SwiftSharedPointerTest" */;
			buildPhases = (
				B8CC32B22D1451EE005558CC /* Sources */,
				B8CC32B32D1451EE005558CC /* Frameworks */,
				B8CC32B42D1451EE005558CC /* Resources */,
			);
			buildRules = (
			);
			dependencies = (
			);
			fileSystemSynchronizedGroups = (
				B8CC32B82D1451EE005558CC /* SwiftSharedPointerTest */,
			);
			name = SwiftSharedPointerTest;
			packageProductDependencies = (
			);
			productName = SwiftSharedPointerTest;
			productReference = B8CC32B62D1451EE005558CC /* SwiftSharedPointerTest.app */;
			productType = "com.apple.product-type.application";
		};
		B8CC32CB2D1451F0005558CC /* SwiftSharedPointerTestTests */ = {
			isa = PBXNativeTarget;
			buildConfigurationList = B8CC32E42D1451F0005558CC /* Build configuration list for PBXNativeTarget "SwiftSharedPointerTestTests" */;
			buildPhases = (
				B8CC32C82D1451F0005558CC /* Sources */,
				B8CC32C92D1451F0005558CC /* Frameworks */,
				B8CC32CA2D1451F0005558CC /* Resources */,
			);
			buildRules = (
			);
			dependencies = (
				B8CC32CE2D1451F0005558CC /* PBXTargetDependency */,
			);
			name = SwiftSharedPointerTestTests;
			packageProductDependencies = (
			);
			productName = SwiftSharedPointerTestTests;
			productReference = B8CC32CC2D1451F0005558CC /* SwiftSharedPointerTestTests.xctest */;
			productType = "com.apple.product-type.bundle.unit-test";
		};
		B8CC32D52D1451F0005558CC /* SwiftSharedPointerTestUITests */ = {
			isa = PBXNativeTarget;
			buildConfigurationList = B8CC32E72D1451F0005558CC /* Build configuration list for PBXNativeTarget "SwiftSharedPointerTestUITests" */;
			buildPhases = (
				B8CC32D22D1451F0005558CC /* Sources */,
				B8CC32D32D1451F0005558CC /* Frameworks */,
				B8CC32D42D1451F0005558CC /* Resources */,
			);
			buildRules = (
			);
			dependencies = (
				B8CC32D82D1451F0005558CC /* PBXTargetDependency */,
			);
			name = SwiftSharedPointerTestUITests;
			packageProductDependencies = (
			);
			productName = SwiftSharedPointerTestUITests;
			productReference = B8CC32D62D1451F0005558CC /* SwiftSharedPointerTestUITests.xctest */;
			productType = "com.apple.product-type.bundle.ui-testing";
		};
/* End PBXNativeTarget section */

/* Begin PBXProject section */
		B8CC32AE2D1451EE005558CC /* Project object */ = {
			isa = PBXProject;
			attributes = {
				BuildIndependentTargetsInParallel = 1;
				LastSwiftUpdateCheck = 1620;
				LastUpgradeCheck = 1620;
				TargetAttributes = {
					B8CC32B52D1451EE005558CC = {
						CreatedOnToolsVersion = 16.2;
						LastSwiftMigration = 1620;
					};
					B8CC32CB2D1451F0005558CC = {
						CreatedOnToolsVersion = 16.2;
						TestTargetID = B8CC32B52D1451EE005558CC;
					};
					B8CC32D52D1451F0005558CC = {
						CreatedOnToolsVersion = 16.2;
						TestTargetID = B8CC32B52D1451EE005558CC;
					};
				};
			};
			buildConfigurationList = B8CC32B12D1451EE005558CC /* Build configuration list for PBXProject "SwiftSharedPointerTest" */;
			developmentRegion = en;
			hasScannedForEncodings = 0;
			knownRegions = (
				en,
				Base,
			);
			mainGroup = B8CC32AD2D1451EE005558CC;
			minimizedProjectReferenceProxies = 1;
			preferredProjectObjectVersion = 77;
			productRefGroup = B8CC32B72D1451EE005558CC /* Products */;
			projectDirPath = "";
			projectRoot = "";
			targets = (
				B8CC32B52D1451EE005558CC /* SwiftSharedPointerTest */,
				B8CC32CB2D1451F0005558CC /* SwiftSharedPointerTestTests */,
				B8CC32D52D1451F0005558CC /* SwiftSharedPointerTestUITests */,
			);
		};
/* End PBXProject section */

/* Begin PBXResourcesBuildPhase section */
		B8CC32B42D1451EE005558CC /* Resources */ = {
			isa = PBXResourcesBuildPhase;
			buildActionMask = 2147483647;
			files = (
			);
			runOnlyForDeploymentPostprocessing = 0;
		};
		B8CC32CA2D1451F0005558CC /* Resources */ = {
			isa = PBXResourcesBuildPhase;
			buildActionMask = 2147483647;
			files = (
			);
			runOnlyForDeploymentPostprocessing = 0;
		};
		B8CC32D42D1451F0005558CC /* Resources */ = {
			isa = PBXResourcesBuildPhase;
			buildActionMask = 2147483647;
			files = (
			);
			runOnlyForDeploymentPostprocessing = 0;
		};
/* End PBXResourcesBuildPhase section */

/* Begin PBXSourcesBuildPhase section */
		B8CC32B22D1451EE005558CC /* Sources */ = {
			isa = PBXSourcesBuildPhase;
			buildActionMask = 2147483647;
			files = (
			);
			runOnlyForDeploymentPostprocessing = 0;
		};
		B8CC32C82D1451F0005558CC /* Sources */ = {
			isa = PBXSourcesBuildPhase;
			buildActionMask = 2147483647;
			files = (
			);
			runOnlyForDeploymentPostprocessing = 0;
		};
		B8CC32D22D1451F0005558CC /* Sources */ = {
			isa = PBXSourcesBuildPhase;
			buildActionMask = 2147483647;
			files = (
			);
			runOnlyForDeploymentPostprocessing = 0;
		};
/* End PBXSourcesBuildPhase section */

/* Begin PBXTargetDependency section */
		B8CC32CE2D1451F0005558CC /* PBXTargetDependency */ = {
			isa = PBXTargetDependency;
			target = B8CC32B52D1451EE005558CC /* SwiftSharedPointerTest */;
			targetProxy = B8CC32CD2D1451F0005558CC /* PBXContainerItemProxy */;
		};
		B8CC32D82D1451F0005558CC /* PBXTargetDependency */ = {
			isa = PBXTargetDependency;
			target = B8CC32B52D1451EE005558CC /* SwiftSharedPointerTest */;
			targetProxy = B8CC32D72D1451F0005558CC /* PBXContainerItemProxy */;
		};
/* End PBXTargetDependency section */

/* Begin XCBuildConfiguration section */
		B8CC32E02D1451F0005558CC /* Debug */ = {
			isa = XCBuildConfiguration;
			buildSettings = {
				ASSETCATALOG_COMPILER_APPICON_NAME = AppIcon;
				ASSETCATALOG_COMPILER_GLOBAL_ACCENT_COLOR_NAME = AccentColor;
				CLANG_ENABLE_MODULES = YES;
				CODE_SIGN_STYLE = Automatic;
				CURRENT_PROJECT_VERSION = 1;
				DEVELOPMENT_TEAM = CJW62Q77E7;
				GENERATE_INFOPLIST_FILE = YES;
				INFOPLIST_FILE = SwiftSharedPointerTest/Info.plist;
				INFOPLIST_KEY_UIApplicationSupportsIndirectInputEvents = YES;
				INFOPLIST_KEY_UILaunchStoryboardName = LaunchScreen;
				INFOPLIST_KEY_UIMainStoryboardFile = Main;
				INFOPLIST_KEY_UISupportedInterfaceOrientations_iPad = "UIInterfaceOrientationPortrait UIInterfaceOrientationPortraitUpsideDown UIInterfaceOrientationLandscapeLeft UIInterfaceOrientationLandscapeRight";
				INFOPLIST_KEY_UISupportedInterfaceOrientations_iPhone = "UIInterfaceOrientationPortrait UIInterfaceOrientationLandscapeLeft UIInterfaceOrientationLandscapeRight";
				IPHONEOS_DEPLOYMENT_TARGET = 18.0;
				LD_RUNPATH_SEARCH_PATHS = (
					"$(inherited)",
					"@executable_path/Frameworks",
				);
				MARKETING_VERSION = 1.0;
				PRODUCT_BUNDLE_IDENTIFIER = com.mrousavy.SwiftSharedPointerTest;
				PRODUCT_NAME = "$(TARGET_NAME)";
				SWIFT_EMIT_LOC_STRINGS = YES;
				SWIFT_OPTIMIZATION_LEVEL = "-Onone";
				SWIFT_VERSION = 5.0;
				TARGETED_DEVICE_FAMILY = "1,2";
			};
			name = Debug;
		};
		B8CC32E12D1451F0005558CC /* Release */ = {
			isa = XCBuildConfiguration;
			buildSettings = {
				ASSETCATALOG_COMPILER_APPICON_NAME = AppIcon;
				ASSETCATALOG_COMPILER_GLOBAL_ACCENT_COLOR_NAME = AccentColor;
				CLANG_ENABLE_MODULES = YES;
				CODE_SIGN_STYLE = Automatic;
				CURRENT_PROJECT_VERSION = 1;
				DEVELOPMENT_TEAM = CJW62Q77E7;
				GENERATE_INFOPLIST_FILE = YES;
				INFOPLIST_FILE = SwiftSharedPointerTest/Info.plist;
				INFOPLIST_KEY_UIApplicationSupportsIndirectInputEvents = YES;
				INFOPLIST_KEY_UILaunchStoryboardName = LaunchScreen;
				INFOPLIST_KEY_UIMainStoryboardFile = Main;
				INFOPLIST_KEY_UISupportedInterfaceOrientations_iPad = "UIInterfaceOrientationPortrait UIInterfaceOrientationPortraitUpsideDown UIInterfaceOrientationLandscapeLeft UIInterfaceOrientationLandscapeRight";
				INFOPLIST_KEY_UISupportedInterfaceOrientations_iPhone = "UIInterfaceOrientationPortrait UIInterfaceOrientationLandscapeLeft UIInterfaceOrientationLandscapeRight";
				IPHONEOS_DEPLOYMENT_TARGET = 18.0;
				LD_RUNPATH_SEARCH_PATHS = (
					"$(inherited)",
					"@executable_path/Frameworks",
				);
				MARKETING_VERSION = 1.0;
				PRODUCT_BUNDLE_IDENTIFIER = com.mrousavy.SwiftSharedPointerTest;
				PRODUCT_NAME = "$(TARGET_NAME)";
				SWIFT_EMIT_LOC_STRINGS = YES;
				SWIFT_VERSION = 5.0;
				TARGETED_DEVICE_FAMILY = "1,2";
			};
			name = Release;
		};
		B8CC32E22D1451F0005558CC /* Debug */ = {
			isa = XCBuildConfiguration;
			buildSettings = {
				ALWAYS_SEARCH_USER_PATHS = NO;
				ASSETCATALOG_COMPILER_GENERATE_SWIFT_ASSET_SYMBOL_EXTENSIONS = YES;
				CLANG_ANALYZER_NONNULL = YES;
				CLANG_ANALYZER_NUMBER_OBJECT_CONVERSION = YES_AGGRESSIVE;
				CLANG_CXX_LANGUAGE_STANDARD = "gnu++20";
				CLANG_ENABLE_MODULES = YES;
				CLANG_ENABLE_OBJC_ARC = YES;
				CLANG_ENABLE_OBJC_WEAK = YES;
				CLANG_WARN_BLOCK_CAPTURE_AUTORELEASING = YES;
				CLANG_WARN_BOOL_CONVERSION = YES;
				CLANG_WARN_COMMA = YES;
				CLANG_WARN_CONSTANT_CONVERSION = YES;
				CLANG_WARN_DEPRECATED_OBJC_IMPLEMENTATIONS = YES;
				CLANG_WARN_DIRECT_OBJC_ISA_USAGE = YES_ERROR;
				CLANG_WARN_DOCUMENTATION_COMMENTS = YES;
				CLANG_WARN_EMPTY_BODY = YES;
				CLANG_WARN_ENUM_CONVERSION = YES;
				CLANG_WARN_INFINITE_RECURSION = YES;
				CLANG_WARN_INT_CONVERSION = YES;
				CLANG_WARN_NON_LITERAL_NULL_CONVERSION = YES;
				CLANG_WARN_OBJC_IMPLICIT_RETAIN_SELF = YES;
				CLANG_WARN_OBJC_LITERAL_CONVERSION = YES;
				CLANG_WARN_OBJC_ROOT_CLASS = YES_ERROR;
				CLANG_WARN_QUOTED_INCLUDE_IN_FRAMEWORK_HEADER = YES;
				CLANG_WARN_RANGE_LOOP_ANALYSIS = YES;
				CLANG_WARN_STRICT_PROTOTYPES = YES;
				CLANG_WARN_SUSPICIOUS_MOVE = YES;
				CLANG_WARN_UNGUARDED_AVAILABILITY = YES_AGGRESSIVE;
				CLANG_WARN_UNREACHABLE_CODE = YES;
				CLANG_WARN__DUPLICATE_METHOD_MATCH = YES;
				COPY_PHASE_STRIP = NO;
				DEBUG_INFORMATION_FORMAT = dwarf;
				ENABLE_STRICT_OBJC_MSGSEND = YES;
				ENABLE_TESTABILITY = YES;
				ENABLE_USER_SCRIPT_SANDBOXING = YES;
				GCC_C_LANGUAGE_STANDARD = gnu17;
				GCC_DYNAMIC_NO_PIC = NO;
				GCC_NO_COMMON_BLOCKS = YES;
				GCC_OPTIMIZATION_LEVEL = 0;
				GCC_PREPROCESSOR_DEFINITIONS = (
					"DEBUG=1",
					"$(inherited)",
				);
				GCC_WARN_64_TO_32_BIT_CONVERSION = YES;
				GCC_WARN_ABOUT_RETURN_TYPE = YES_ERROR;
				GCC_WARN_UNDECLARED_SELECTOR = YES;
				GCC_WARN_UNINITIALIZED_AUTOS = YES_AGGRESSIVE;
				GCC_WARN_UNUSED_FUNCTION = YES;
				GCC_WARN_UNUSED_VARIABLE = YES;
				IPHONEOS_DEPLOYMENT_TARGET = 18.2;
				LOCALIZATION_PREFERS_STRING_CATALOGS = YES;
				MTL_ENABLE_DEBUG_INFO = INCLUDE_SOURCE;
				MTL_FAST_MATH = YES;
				ONLY_ACTIVE_ARCH = YES;
				SDKROOT = iphoneos;
				SWIFT_ACTIVE_COMPILATION_CONDITIONS = "DEBUG $(inherited)";
				SWIFT_OPTIMIZATION_LEVEL = "-Onone";
			};
			name = Debug;
		};
		B8CC32E32D1451F0005558CC /* Release */ = {
			isa = XCBuildConfiguration;
			buildSettings = {
				ALWAYS_SEARCH_USER_PATHS = NO;
				ASSETCATALOG_COMPILER_GENERATE_SWIFT_ASSET_SYMBOL_EXTENSIONS = YES;
				CLANG_ANALYZER_NONNULL = YES;
				CLANG_ANALYZER_NUMBER_OBJECT_CONVERSION = YES_AGGRESSIVE;
				CLANG_CXX_LANGUAGE_STANDARD = "gnu++20";
				CLANG_ENABLE_MODULES = YES;
				CLANG_ENABLE_OBJC_ARC = YES;
				CLANG_ENABLE_OBJC_WEAK = YES;
				CLANG_WARN_BLOCK_CAPTURE_AUTORELEASING = YES;
				CLANG_WARN_BOOL_CONVERSION = YES;
				CLANG_WARN_COMMA = YES;
				CLANG_WARN_CONSTANT_CONVERSION = YES;
				CLANG_WARN_DEPRECATED_OBJC_IMPLEMENTATIONS = YES;
				CLANG_WARN_DIRECT_OBJC_ISA_USAGE = YES_ERROR;
				CLANG_WARN_DOCUMENTATION_COMMENTS = YES;
				CLANG_WARN_EMPTY_BODY = YES;
				CLANG_WARN_ENUM_CONVERSION = YES;
				CLANG_WARN_INFINITE_RECURSION = YES;
				CLANG_WARN_INT_CONVERSION = YES;
				CLANG_WARN_NON_LITERAL_NULL_CONVERSION = YES;
				CLANG_WARN_OBJC_IMPLICIT_RETAIN_SELF = YES;
				CLANG_WARN_OBJC_LITERAL_CONVERSION = YES;
				CLANG_WARN_OBJC_ROOT_CLASS = YES_ERROR;
				CLANG_WARN_QUOTED_INCLUDE_IN_FRAMEWORK_HEADER = YES;
				CLANG_WARN_RANGE_LOOP_ANALYSIS = YES;
				CLANG_WARN_STRICT_PROTOTYPES = YES;
				CLANG_WARN_SUSPICIOUS_MOVE = YES;
				CLANG_WARN_UNGUARDED_AVAILABILITY = YES_AGGRESSIVE;
				CLANG_WARN_UNREACHABLE_CODE = YES;
				CLANG_WARN__DUPLICATE_METHOD_MATCH = YES;
				COPY_PHASE_STRIP = NO;
				DEBUG_INFORMATION_FORMAT = "dwarf-with-dsym";
				ENABLE_NS_ASSERTIONS = NO;
				ENABLE_STRICT_OBJC_MSGSEND = YES;
				ENABLE_USER_SCRIPT_SANDBOXING = YES;
				GCC_C_LANGUAGE_STANDARD = gnu17;
				GCC_NO_COMMON_BLOCKS = YES;
				GCC_WARN_64_TO_32_BIT_CONVERSION = YES;
				GCC_WARN_ABOUT_RETURN_TYPE = YES_ERROR;
				GCC_WARN_UNDECLARED_SELECTOR = YES;
				GCC_WARN_UNINITIALIZED_AUTOS = YES_AGGRESSIVE;
				GCC_WARN_UNUSED_FUNCTION = YES;
				GCC_WARN_UNUSED_VARIABLE = YES;
				IPHONEOS_DEPLOYMENT_TARGET = 18.2;
				LOCALIZATION_PREFERS_STRING_CATALOGS = YES;
				MTL_ENABLE_DEBUG_INFO = NO;
				MTL_FAST_MATH = YES;
				SDKROOT = iphoneos;
				SWIFT_COMPILATION_MODE = wholemodule;
				VALIDATE_PRODUCT = YES;
			};
			name = Release;
		};
		B8CC32E52D1451F0005558CC /* Debug */ = {
			isa = XCBuildConfiguration;
			buildSettings = {
				BUNDLE_LOADER = "$(TEST_HOST)";
				CODE_SIGN_STYLE = Automatic;
				CURRENT_PROJECT_VERSION = 1;
				DEVELOPMENT_TEAM = CJW62Q77E7;
				GENERATE_INFOPLIST_FILE = YES;
				IPHONEOS_DEPLOYMENT_TARGET = 18.2;
				MARKETING_VERSION = 1.0;
				PRODUCT_BUNDLE_IDENTIFIER = com.mrousavy.SwiftSharedPointerTestTests;
				PRODUCT_NAME = "$(TARGET_NAME)";
				SWIFT_EMIT_LOC_STRINGS = NO;
				SWIFT_VERSION = 5.0;
				TARGETED_DEVICE_FAMILY = "1,2";
				TEST_HOST = "$(BUILT_PRODUCTS_DIR)/SwiftSharedPointerTest.app/$(BUNDLE_EXECUTABLE_FOLDER_PATH)/SwiftSharedPointerTest";
			};
			name = Debug;
		};
		B8CC32E62D1451F0005558CC /* Release */ = {
			isa = XCBuildConfiguration;
			buildSettings = {
				BUNDLE_LOADER = "$(TEST_HOST)";
				CODE_SIGN_STYLE = Automatic;
				CURRENT_PROJECT_VERSION = 1;
				DEVELOPMENT_TEAM = CJW62Q77E7;
				GENERATE_INFOPLIST_FILE = YES;
				IPHONEOS_DEPLOYMENT_TARGET = 18.2;
				MARKETING_VERSION = 1.0;
				PRODUCT_BUNDLE_IDENTIFIER = com.mrousavy.SwiftSharedPointerTestTests;
				PRODUCT_NAME = "$(TARGET_NAME)";
				SWIFT_EMIT_LOC_STRINGS = NO;
				SWIFT_VERSION = 5.0;
				TARGETED_DEVICE_FAMILY = "1,2";
				TEST_HOST = "$(BUILT_PRODUCTS_DIR)/SwiftSharedPointerTest.app/$(BUNDLE_EXECUTABLE_FOLDER_PATH)/SwiftSharedPointerTest";
			};
			name = Release;
		};
		B8CC32E82D1451F0005558CC /* Debug */ = {
			isa = XCBuildConfiguration;
			buildSettings = {
				CODE_SIGN_STYLE = Automatic;
				CURRENT_PROJECT_VERSION = 1;
				DEVELOPMENT_TEAM = CJW62Q77E7;
				GENERATE_INFOPLIST_FILE = YES;
				MARKETING_VERSION = 1.0;
				PRODUCT_BUNDLE_IDENTIFIER = com.mrousavy.SwiftSharedPointerTestUITests;
				PRODUCT_NAME = "$(TARGET_NAME)";
				SWIFT_EMIT_LOC_STRINGS = NO;
				SWIFT_VERSION = 5.0;
				TARGETED_DEVICE_FAMILY = "1,2";
				TEST_TARGET_NAME = SwiftSharedPointerTest;
			};
			name = Debug;
		};
		B8CC32E92D1451F0005558CC /* Release */ = {
			isa = XCBuildConfiguration;
			buildSettings = {
				CODE_SIGN_STYLE = Automatic;
				CURRENT_PROJECT_VERSION = 1;
				DEVELOPMENT_TEAM = CJW62Q77E7;
				GENERATE_INFOPLIST_FILE = YES;
				MARKETING_VERSION = 1.0;
				PRODUCT_BUNDLE_IDENTIFIER = com.mrousavy.SwiftSharedPointerTestUITests;
				PRODUCT_NAME = "$(TARGET_NAME)";
				SWIFT_EMIT_LOC_STRINGS = NO;
				SWIFT_VERSION = 5.0;
				TARGETED_DEVICE_FAMILY = "1,2";
				TEST_TARGET_NAME = SwiftSharedPointerTest;
			};
			name = Release;
		};
/* End XCBuildConfiguration section */

/* Begin XCConfigurationList section */
		B8CC32B12D1451EE005558CC /* Build configuration list for PBXProject "SwiftSharedPointerTest" */ = {
			isa = XCConfigurationList;
			buildConfigurations = (
				B8CC32E22D1451F0005558CC /* Debug */,
				B8CC32E32D1451F0005558CC /* Release */,
			);
			defaultConfigurationIsVisible = 0;
			defaultConfigurationName = Release;
		};
		B8CC32DF2D1451F0005558CC /* Build configuration list for PBXNativeTarget "SwiftSharedPointerTest" */ = {
			isa = XCConfigurationList;
			buildConfigurations = (
				B8CC32E02D1451F0005558CC /* Debug */,
				B8CC32E12D1451F0005558CC /* Release */,
			);
			defaultConfigurationIsVisible = 0;
			defaultConfigurationName = Release;
		};
		B8CC32E42D1451F0005558CC /* Build configuration list for PBXNativeTarget "SwiftSharedPointerTestTests" */ = {
			isa = XCConfigurationList;
			buildConfigurations = (
				B8CC32E52D1451F0005558CC /* Debug */,
				B8CC32E62D1451F0005558CC /* Release */,
			);
			defaultConfigurationIsVisible = 0;
			defaultConfigurationName = Release;
		};
		B8CC32E72D1451F0005558CC /* Build configuration list for PBXNativeTarget "SwiftSharedPointerTestUITests" */ = {
			isa = XCConfigurationList;
			buildConfigurations = (
				B8CC32E82D1451F0005558CC /* Debug */,
				B8CC32E92D1451F0005558CC /* Release */,
			);
			defaultConfigurationIsVisible = 0;
			defaultConfigurationName = Release;
		};
/* End XCConfigurationList section */
	};
	rootObject = B8CC32AE2D1451EE005558CC /* Project object */;
}
